// !$*UTF8*$!
{
	archiveVersion = 1;
	classes = {
	};
	objectVersion = 46;
	objects = {
		54BA2F116777A2D17D292AB1 = {
			isa = PBXBuildFile;
			fileRef = 46AA026C35DB24ABDD7E200C;
		};
		3FC5B3E506F60BB63E8C1BEA = {
			isa = PBXBuildFile;
			fileRef = C40684955C68EAF0A5B27843;
		};
		8748D1B51C85AC551BE9D56B = {
			isa = PBXBuildFile;
			fileRef = E6B00F791048C2D59FFF7473;
		};
		04A72039DE60C3E9CA78C67F = {
			isa = PBXBuildFile;
			fileRef = 42F85B5728BF46DCEBDC93A7;
		};
		6EB712FAFBA4B0C26F6F1DBF = {
			isa = PBXBuildFile;
			fileRef = ABA74B40663A7450B8F2D9BD;
		};
		10DC6186E80976826CA6AC8A = {
			isa = PBXBuildFile;
			fileRef = 5096FD0625C7399C14E47796;
		};
		E941B61ABACE16192D2C5B02 = {
			isa = PBXBuildFile;
			fileRef = F3D0C87FD22F191D5ACB8F1E;
		};
		3C2F1258C67D53FDDA02D986 = {
			isa = PBXBuildFile;
			fileRef = 38E40FC6E9E8F3AC0042E070;
		};
		3C8F64AFBBBBFD11938603FD = {
			isa = PBXBuildFile;
			fileRef = 43D4E5EC87E3AC5D8D0207E7;
		};
		07342E0EA3DEA6063EE5A4D9 = {
			isa = PBXBuildFile;
			fileRef = BAF6963E574474195321BBFB;
		};
		8FBEBFF82A6E0002F19E138C = {
			isa = PBXBuildFile;
			fileRef = D8859A6E0441B04EACCC2AC6;
		};
		3736D5AF85A744EEAC4AC4C7 = {
			isa = PBXBuildFile;
			fileRef = 0D92597977BB9603E0216F77;
		};
		3F48421F28BCF4F20E0BC4F6 = {
			isa = PBXBuildFile;
			fileRef = B15D0EF86A0AB82EC93AB085;
		};
		00816A8FC139A32F28312CB1 = {
			isa = PBXBuildFile;
			fileRef = BA26B16E99CB7E4D858CD390;
		};
		8F196C744C2F313163F424F0 = {
			isa = PBXBuildFile;
			fileRef = 89847DD651C720CA7CFFA5BD;
		};
		5A4919A3A35B5867574F881B = {
			isa = PBXBuildFile;
			fileRef = 08D16D10C775A64449503E1B;
		};
		D6512B2F90CFB977811C4D93 = {
			isa = PBXBuildFile;
			fileRef = 4B43E1EAACEA5CF41EB32316;
		};
		F2A80913B042B520D0DBD1DE = {
			isa = PBXBuildFile;
			fileRef = FC1A4F0EE42F01AC1976EEAE;
		};
		A7B19CD86D1E1EC80CE0BB9D = {
			isa = PBXBuildFile;
			fileRef = 7F61266035420ECB4FBA4365;
		};
		67D2BEDA9B188D5CDF4FE4E1 = {
			isa = PBXBuildFile;
			fileRef = 1907368CD925C64AE894B20C;
		};
		DB24E2A220FABB5AB5E2E072 = {
			isa = PBXBuildFile;
			fileRef = F1AFCEE9715489C519B177E8;
		};
		B8B1B07016C6B20FD8AB4F66 = {
			isa = PBXBuildFile;
			fileRef = 3915A5304C8C3ABF78906DB5;
		};
		1142AB4395602AA19330E4D8 = {
			isa = PBXBuildFile;
			fileRef = E0D8FBCC5647086A66C79A88;
		};
		48F8AB2833623D48E357B1C7 = {
			isa = PBXBuildFile;
			fileRef = D45002F5BAB3EBA95F6B8304;
		};
		5F7012D91646082C45EC9C81 = {
			isa = PBXBuildFile;
			fileRef = B3CF9F71B64F0EA6C341FE38;
		};
		024CEBF71ACC7C02A143C79E = {
			isa = PBXBuildFile;
			fileRef = 2555F5922307B307BAF0239D;
		};
		DEF52B5EBDCBD9A14A26E2C7 = {
			isa = PBXBuildFile;
			fileRef = 57E1D48B98E46C9ADC7A2355;
		};
		1D1BF5A1DD237C0494BC7E4A = {
			isa = PBXBuildFile;
			fileRef = 5DB5291FB87951C436E332F3;
		};
		F55E8D8C16CD346867C8A480 = {
			isa = PBXBuildFile;
			fileRef = 906BBA11E2BFA2654AE95815;
		};
		0211F3448C23264DA1B8BE7B = {
			isa = PBXBuildFile;
			fileRef = C9CAB67CDFC6F8671CDF81B6;
		};
		4D7967D4EE95F4D823CD22AE = {
			isa = PBXBuildFile;
			fileRef = 6040FEDA424DF7AA432E9A1F;
		};
		7EACDC0EBC1D84A05A9FA077 = {
			isa = PBXBuildFile;
			fileRef = C1D7A81242166AAC3E139364;
		};
		84845800EC9FE3556A79BF6C = {
			isa = PBXBuildFile;
			fileRef = 47F2BF8E3141B87F32606AE2;
		};
		F9F8672B4FF659EC9BD102FE = {
			isa = PBXBuildFile;
			fileRef = 1CC6BD758A76F880A22C8A14;
		};
		EB631C1D5EF18E2B17917A48 = {
			isa = PBXBuildFile;
			fileRef = E0591E2945F4661C681A8C4F;
		};
		1BF8101C73DE37013EDA4D5D = {
			isa = PBXBuildFile;
			fileRef = A354DE4511764B9ABD1CC957;
		};
		929532BF4DFD44F9AA9FDC9F = {
			isa = PBXBuildFile;
			fileRef = 13DF41A41C6CA5E2FE9A02D5;
		};
		AD2E5F646AF37A948318C06A = {
			isa = PBXBuildFile;
			fileRef = F47E6E0109B406AC44E3C7FA;
		};
		65A4BCC1688C869DB34D3E12 = {
			isa = PBXBuildFile;
			fileRef = F8CE8C3AD87F3FF98D9193FA;
		};
		3998FC44847676C9666D04A4 = {
			isa = PBXBuildFile;
			fileRef = 3DD9D64CD9F2261B279AC82F;
		};
		9F26FE50986125E476FACD76 = {
			isa = PBXBuildFile;
			fileRef = 0F206DD6FB3C27934E5E8808;
		};
		2DE1F26DA605D2E3EE037DF3 = {
			isa = PBXBuildFile;
			fileRef = 9E5D85E8F6890448E341A103;
		};
		081224F9B4B8AC59095667C3 = {
			isa = PBXFileReference;
			lastKnownFileType = file;
			name = "juce_dsp";
			path = "/usr/share/juce/modules/juce_dsp";
			sourceTree = "<absolute>";
		};
		08D16D10C775A64449503E1B = {
			isa = PBXFileReference;
			lastKnownFileType = file.nib;
			name = RecentFilesMenuTemplate.nib;
			path = RecentFilesMenuTemplate.nib;
			sourceTree = "SOURCE_ROOT";
		};
		0D92597977BB9603E0216F77 = {
			isa = PBXFileReference;
			lastKnownFileType = wrapper.framework;
			name = IOKit.framework;
			path = System/Library/Frameworks/IOKit.framework;
			sourceTree = SDKROOT;
		};
		0F206DD6FB3C27934E5E8808 = {
			isa = PBXFileReference;
			lastKnownFileType = sourcecode.cpp.objcpp;
			name = "include_juce_opengl.mm";
			path = "../../JuceLibraryCode/include_juce_opengl.mm";
			sourceTree = "SOURCE_ROOT";
		};
		1364921D2D79F36E54E263FC = {
			isa = PBXFileReference;
			lastKnownFileType = file.ttf;
			name = "Roboto-Light.ttf";
			path = "../../IEMPluginSuite/resources/lookAndFeel/Roboto-Light.ttf";
			sourceTree = "SOURCE_ROOT";
		};
		13DF41A41C6CA5E2FE9A02D5 = {
			isa = PBXFileReference;
			lastKnownFileType = sourcecode.cpp.objcpp;
			name = "include_juce_events.mm";
			path = "../../JuceLibraryCode/include_juce_events.mm";
			sourceTree = "SOURCE_ROOT";
		};
		1907368CD925C64AE894B20C = {
			isa = PBXFileReference;
			lastKnownFileType = sourcecode.cpp.cpp;
			name = OSCStatus.cpp;
			path = ../../IEMPluginSuite/resources/OSC/OSCStatus.cpp;
			sourceTree = "SOURCE_ROOT";
		};
		1CC6BD758A76F880A22C8A14 = {
			isa = PBXFileReference;
			lastKnownFileType = sourcecode.cpp.objcpp;
			name = "include_juce_core.mm";
			path = "../../JuceLibraryCode/include_juce_core.mm";
			sourceTree = "SOURCE_ROOT";
		};
		2555F5922307B307BAF0239D = {
			isa = PBXFileReference;
			lastKnownFileType = sourcecode.cpp.objcpp;
			name = "include_juce_audio_devices.mm";
			path = "../../JuceLibraryCode/include_juce_audio_devices.mm";
			sourceTree = "SOURCE_ROOT";
		};
		2692BE74D1AAC8C7E26D5A9F = {
			isa = PBXFileReference;
			lastKnownFileType = sourcecode.c.h;
			name = "IEM_JackAudio.h";
			path = "../../IEMPluginSuite/resources/Standalone/IEM_JackAudio.h";
			sourceTree = "SOURCE_ROOT";
		};
		3763F30133E00DDF965A4C46 = {
			isa = PBXFileReference;
			lastKnownFileType = sourcecode.c.h;
			name = "IEM_AudioDeviceSelectorComponent.h";
			path = "../../IEMPluginSuite/resources/Standalone/IEM_AudioDeviceSelectorComponent.h";
			sourceTree = "SOURCE_ROOT";
		};
		38E40FC6E9E8F3AC0042E070 = {
			isa = PBXFileReference;
			lastKnownFileType = wrapper.framework;
			name = CoreAudio.framework;
			path = System/Library/Frameworks/CoreAudio.framework;
			sourceTree = SDKROOT;
		};
		3915A5304C8C3ABF78906DB5 = {
			isa = PBXFileReference;
			lastKnownFileType = sourcecode.cpp.cpp;
			name = PluginProcessor.cpp;
			path = ../../Source/PluginProcessor.cpp;
			sourceTree = "SOURCE_ROOT";
		};
		3BF17AB4606E62125AC2C609 = {
			isa = PBXFileReference;
			lastKnownFileType = sourcecode.c.h;
			name = OSCStatus.h;
			path = ../../IEMPluginSuite/resources/OSC/OSCStatus.h;
			sourceTree = "SOURCE_ROOT";
		};
		3DD9D64CD9F2261B279AC82F = {
			isa = PBXFileReference;
			lastKnownFileType = sourcecode.cpp.objcpp;
			name = "include_juce_gui_extra.mm";
			path = "../../JuceLibraryCode/include_juce_gui_extra.mm";
			sourceTree = "SOURCE_ROOT";
		};
		40A959723213556AA68E2414 = {
			isa = PBXFileReference;
			lastKnownFileType = text.plist.xml;
			name = "Info-VST.plist";
			path = "Info-VST.plist";
			sourceTree = "SOURCE_ROOT";
		};
		42F85B5728BF46DCEBDC93A7 = {
			isa = PBXFileReference;
			lastKnownFileType = wrapper.framework;
			name = Accelerate.framework;
			path = System/Library/Frameworks/Accelerate.framework;
			sourceTree = SDKROOT;
		};
		43D4E5EC87E3AC5D8D0207E7 = {
			isa = PBXFileReference;
			lastKnownFileType = wrapper.framework;
			name = CoreAudioKit.framework;
			path = System/Library/Frameworks/CoreAudioKit.framework;
			sourceTree = SDKROOT;
		};
		45203B7D4865E5C1D9F84902 = {
			isa = PBXFileReference;
			lastKnownFileType = file;
			name = "juce_audio_processors";
			path = "/usr/share/juce/modules/juce_audio_processors";
			sourceTree = "<absolute>";
		};
		46AA026C35DB24ABDD7E200C = {
			isa = PBXFileReference;
			explicitFileType = wrapper.cfbundle;
			includeInIndex = 0;
			path = PluginTemplate.vst;
			sourceTree = "BUILT_PRODUCTS_DIR";
		};
		47F2BF8E3141B87F32606AE2 = {
			isa = PBXFileReference;
			lastKnownFileType = sourcecode.cpp.objcpp;
			name = "include_juce_audio_utils.mm";
			path = "../../JuceLibraryCode/include_juce_audio_utils.mm";
			sourceTree = "SOURCE_ROOT";
		};
		48549FC9D0FFC220B5D27CEC = {
			isa = PBXFileReference;
			lastKnownFileType = file;
			name = "juce_gui_extra";
			path = "/usr/share/juce/modules/juce_gui_extra";
			sourceTree = "<absolute>";
		};
		4B43E1EAACEA5CF41EB32316 = {
			isa = PBXFileReference;
			lastKnownFileType = sourcecode.cpp.cpp;
			name = "IEM_AudioDeviceSelectorComponent.cpp";
			path = "../../IEMPluginSuite/resources/Standalone/IEM_AudioDeviceSelectorComponent.cpp";
			sourceTree = "SOURCE_ROOT";
		};
		5096FD0625C7399C14E47796 = {
			isa = PBXFileReference;
			lastKnownFileType = wrapper.framework;
			name = Carbon.framework;
			path = System/Library/Frameworks/Carbon.framework;
			sourceTree = SDKROOT;
		};
		532983DFABEE8B24A9B9478F = {
			isa = PBXFileReference;
			lastKnownFileType = file;
			name = "juce_data_structures";
			path = "/usr/share/juce/modules/juce_data_structures";
			sourceTree = "<absolute>";
		};
		57E1D48B98E46C9ADC7A2355 = {
			isa = PBXFileReference;
			lastKnownFileType = sourcecode.cpp.objcpp;
			name = "include_juce_audio_formats.mm";
			path = "../../JuceLibraryCode/include_juce_audio_formats.mm";
			sourceTree = "SOURCE_ROOT";
		};
		5D27FE110EA975337CB7DAAB = {
			isa = PBXFileReference;
			lastKnownFileType = file.ttf;
			name = "Roboto-Bold.ttf";
			path = "../../IEMPluginSuite/resources/lookAndFeel/Roboto-Bold.ttf";
			sourceTree = "SOURCE_ROOT";
		};
		5DB5291FB87951C436E332F3 = {
			isa = PBXFileReference;
			lastKnownFileType = sourcecode.cpp.cpp;
			name = "include_juce_audio_plugin_client_Standalone.cpp";
			path = "../../JuceLibraryCode/include_juce_audio_plugin_client_Standalone.cpp";
			sourceTree = "SOURCE_ROOT";
		};
		6040FEDA424DF7AA432E9A1F = {
			isa = PBXFileReference;
			lastKnownFileType = sourcecode.cpp.cpp;
			name = "include_juce_audio_plugin_client_VST2.cpp";
			path = "../../JuceLibraryCode/include_juce_audio_plugin_client_VST2.cpp";
			sourceTree = "SOURCE_ROOT";
		};
		657148CB59E8050045B8E47B = {
			isa = PBXFileReference;
			lastKnownFileType = sourcecode.c.h;
			name = PluginEditor.h;
			path = ../../Source/PluginEditor.h;
			sourceTree = "SOURCE_ROOT";
		};
		658BFC2C2F4797CA42FF5A9C = {
			isa = PBXFileReference;
			lastKnownFileType = file;
			name = "juce_opengl";
			path = "/usr/share/juce/modules/juce_opengl";
			sourceTree = "<absolute>";
		};
		65D571F38B265AA1D0E61133 = {
			isa = PBXFileReference;
			lastKnownFileType = file;
			name = "juce_audio_plugin_client";
			path = "/usr/share/juce/modules/juce_audio_plugin_client";
			sourceTree = "<absolute>";
		};
		75FFA31DB632AD8533A75999 = {
			isa = PBXFileReference;
			lastKnownFileType = sourcecode.c.h;
			name = OSCInputStream.h;
			path = ../../IEMPluginSuite/resources/OSC/OSCInputStream.h;
			sourceTree = "SOURCE_ROOT";
		};
		7F61266035420ECB4FBA4365 = {
			isa = PBXFileReference;
			lastKnownFileType = sourcecode.cpp.cpp;
			name = OSCParameterInterface.cpp;
			path = ../../IEMPluginSuite/resources/OSC/OSCParameterInterface.cpp;
			sourceTree = "SOURCE_ROOT";
		};
		89847DD651C720CA7CFFA5BD = {
			isa = PBXFileReference;
			lastKnownFileType = wrapper.framework;
			name = WebKit.framework;
			path = System/Library/Frameworks/WebKit.framework;
			sourceTree = SDKROOT;
		};
		8AEBEE496A10EAFAE83B244F = {
			isa = PBXFileReference;
			lastKnownFileType = file;
			name = "juce_audio_formats";
			path = "/usr/share/juce/modules/juce_audio_formats";
			sourceTree = "<absolute>";
		};
		8DE47CE41AC12DA98D4DFE4A = {
			isa = PBXFileReference;
			lastKnownFileType = sourcecode.c.h;
			name = "ssr_juce.h";
			path = "../../Source/ssr_juce.h";
			sourceTree = "SOURCE_ROOT";
		};
		906BBA11E2BFA2654AE95815 = {
			isa = PBXFileReference;
			lastKnownFileType = sourcecode.cpp.cpp;
			name = "include_juce_audio_plugin_client_utils.cpp";
			path = "../../JuceLibraryCode/include_juce_audio_plugin_client_utils.cpp";
			sourceTree = "SOURCE_ROOT";
		};
		9125D43AAD5E9BDCF020FF9E = {
			isa = PBXFileReference;
			lastKnownFileType = file;
			name = "juce_gui_basics";
			path = "/usr/share/juce/modules/juce_gui_basics";
			sourceTree = "<absolute>";
		};
		9E19C48C6DA872A0672E6EE1 = {
			isa = PBXFileReference;
			lastKnownFileType = sourcecode.c.h;
			name = OSCUtilities.h;
			path = ../../IEMPluginSuite/resources/OSC/OSCUtilities.h;
			sourceTree = "SOURCE_ROOT";
		};
		9E5D85E8F6890448E341A103 = {
			isa = PBXFileReference;
			lastKnownFileType = sourcecode.cpp.cpp;
			name = "include_juce_osc.cpp";
			path = "../../JuceLibraryCode/include_juce_osc.cpp";
			sourceTree = "SOURCE_ROOT";
		};
		A354DE4511764B9ABD1CC957 = {
			isa = PBXFileReference;
			lastKnownFileType = sourcecode.cpp.objcpp;
			name = "include_juce_dsp.mm";
			path = "../../JuceLibraryCode/include_juce_dsp.mm";
			sourceTree = "SOURCE_ROOT";
		};
		A6B50DF21A3A79A4E599BA38 = {
			isa = PBXFileReference;
			lastKnownFileType = sourcecode.c.h;
			name = JuceHeader.h;
			path = ../../JuceLibraryCode/JuceHeader.h;
			sourceTree = "SOURCE_ROOT";
		};
		A6FAC63BDC709E5B0450FEE3 = {
			isa = PBXFileReference;
			lastKnownFileType = file;
			name = "juce_audio_devices";
			path = "/usr/share/juce/modules/juce_audio_devices";
			sourceTree = "<absolute>";
		};
		A7A291560F655F60311BCCA7 = {
			isa = PBXFileReference;
			lastKnownFileType = sourcecode.c.h;
			name = MyStandaloneFilterWindow.h;
			path = ../../IEMPluginSuite/resources/Standalone/MyStandaloneFilterWindow.h;
			sourceTree = "SOURCE_ROOT";
		};
		A8A853E9CAA329450ABD7C75 = {
			isa = PBXFileReference;
			lastKnownFileType = file;
			name = "juce_osc";
			path = "/usr/share/juce/modules/juce_osc";
			sourceTree = "<absolute>";
		};
		AAD0CB375716072BAF6B3662 = {
			isa = PBXFileReference;
			lastKnownFileType = file;
			name = "juce_graphics";
			path = "/usr/share/juce/modules/juce_graphics";
			sourceTree = "<absolute>";
		};
		ABA74B40663A7450B8F2D9BD = {
			isa = PBXFileReference;
			lastKnownFileType = wrapper.framework;
			name = AudioToolbox.framework;
			path = System/Library/Frameworks/AudioToolbox.framework;
			sourceTree = SDKROOT;
		};
		AE02A548F4B6E5A907BD0AE6 = {
			isa = PBXFileReference;
			lastKnownFileType = file;
			name = "juce_audio_utils";
			path = "/usr/share/juce/modules/juce_audio_utils";
			sourceTree = "<absolute>";
		};
		B15D0EF86A0AB82EC93AB085 = {
			isa = PBXFileReference;
			lastKnownFileType = wrapper.framework;
			name = OpenGL.framework;
			path = System/Library/Frameworks/OpenGL.framework;
			sourceTree = SDKROOT;
		};
		B275F2B667BD540CC32A8591 = {
			isa = PBXFileReference;
			lastKnownFileType = text.plist.xml;
			name = SoundScapeRenderer.entitlements;
			path = SoundScapeRenderer.entitlements;
			sourceTree = "SOURCE_ROOT";
		};
		B3CF9F71B64F0EA6C341FE38 = {
			isa = PBXFileReference;
			lastKnownFileType = sourcecode.cpp.objcpp;
			name = "include_juce_audio_basics.mm";
			path = "../../JuceLibraryCode/include_juce_audio_basics.mm";
			sourceTree = "SOURCE_ROOT";
		};
		BA26B16E99CB7E4D858CD390 = {
			isa = PBXFileReference;
			lastKnownFileType = wrapper.framework;
			name = QuartzCore.framework;
			path = System/Library/Frameworks/QuartzCore.framework;
			sourceTree = SDKROOT;
		};
		BAF6963E574474195321BBFB = {
			isa = PBXFileReference;
			lastKnownFileType = wrapper.framework;
			name = CoreMIDI.framework;
			path = System/Library/Frameworks/CoreMIDI.framework;
			sourceTree = SDKROOT;
		};
		C1D7A81242166AAC3E139364 = {
			isa = PBXFileReference;
			lastKnownFileType = sourcecode.cpp.objcpp;
			name = "include_juce_audio_processors.mm";
			path = "../../JuceLibraryCode/include_juce_audio_processors.mm";
			sourceTree = "SOURCE_ROOT";
		};
		C21FD57C497E07FF0BE89B20 = {
			isa = PBXFileReference;
			lastKnownFileType = file.ttf;
			name = "Roboto-Regular.ttf";
			path = "../../IEMPluginSuite/resources/lookAndFeel/Roboto-Regular.ttf";
			sourceTree = "SOURCE_ROOT";
		};
		C2C555D3EF5F5F626D7C9811 = {
			isa = PBXFileReference;
			lastKnownFileType = sourcecode.c.h;
			name = OSCParameterInterface.h;
			path = ../../IEMPluginSuite/resources/OSC/OSCParameterInterface.h;
			sourceTree = "SOURCE_ROOT";
		};
		C37AE0049339EF5136A41AA6 = {
			isa = PBXFileReference;
			lastKnownFileType = file.ttf;
			name = "Roboto-Medium.ttf";
			path = "../../IEMPluginSuite/resources/lookAndFeel/Roboto-Medium.ttf";
			sourceTree = "SOURCE_ROOT";
		};
		C40684955C68EAF0A5B27843 = {
			isa = PBXFileReference;
			explicitFileType = wrapper.application;
			includeInIndex = 0;
			path = PluginTemplate.app;
			sourceTree = "BUILT_PRODUCTS_DIR";
		};
		C85F899E2C9F3F829F8037F3 = {
			isa = PBXFileReference;
			lastKnownFileType = sourcecode.c.h;
			name = PluginProcessor.h;
			path = ../../Source/PluginProcessor.h;
			sourceTree = "SOURCE_ROOT";
		};
		C9CAB67CDFC6F8671CDF81B6 = {
			isa = PBXFileReference;
			lastKnownFileType = sourcecode.cpp.objcpp;
			name = "include_juce_audio_plugin_client_VST_utils.mm";
			path = "../../JuceLibraryCode/include_juce_audio_plugin_client_VST_utils.mm";
			sourceTree = "SOURCE_ROOT";
		};
		D28852ECC7B4995F5CB78078 = {
			isa = PBXFileReference;
			lastKnownFileType = text.plist.xml;
			name = "Info-Standalone_Plugin.plist";
			path = "Info-Standalone_Plugin.plist";
			sourceTree = "SOURCE_ROOT";
		};
		D45002F5BAB3EBA95F6B8304 = {
			isa = PBXFileReference;
			lastKnownFileType = sourcecode.cpp.cpp;
			name = BinaryData.cpp;
			path = ../../JuceLibraryCode/BinaryData.cpp;
			sourceTree = "SOURCE_ROOT";
		};
		D67FA1EB9DC9E83EC0B79707 = {
			isa = PBXFileReference;
			lastKnownFileType = file;
			name = "juce_core";
			path = "/usr/share/juce/modules/juce_core";
			sourceTree = "<absolute>";
		};
		D8859A6E0441B04EACCC2AC6 = {
			isa = PBXFileReference;
			lastKnownFileType = wrapper.framework;
			name = DiscRecording.framework;
			path = System/Library/Frameworks/DiscRecording.framework;
			sourceTree = SDKROOT;
		};
		DCCBDBDADFF25BC613F7A42F = {
			isa = PBXFileReference;
			lastKnownFileType = sourcecode.c.h;
			name = "IEM_LaF.h";
			path = "../../IEMPluginSuite/resources/lookAndFeel/IEM_LaF.h";
			sourceTree = "SOURCE_ROOT";
		};
		DE61989ED2492A88C5631C26 = {
			isa = PBXFileReference;
			lastKnownFileType = sourcecode.c.h;
			name = AppConfig.h;
			path = ../../JuceLibraryCode/AppConfig.h;
			sourceTree = "SOURCE_ROOT";
		};
		E0591E2945F4661C681A8C4F = {
			isa = PBXFileReference;
			lastKnownFileType = sourcecode.cpp.objcpp;
			name = "include_juce_data_structures.mm";
			path = "../../JuceLibraryCode/include_juce_data_structures.mm";
			sourceTree = "SOURCE_ROOT";
		};
		E0D8FBCC5647086A66C79A88 = {
			isa = PBXFileReference;
			lastKnownFileType = sourcecode.cpp.cpp;
			name = PluginEditor.cpp;
			path = ../../Source/PluginEditor.cpp;
			sourceTree = "SOURCE_ROOT";
		};
		E6B00F791048C2D59FFF7473 = {
			isa = PBXFileReference;
			explicitFileType = archive.ar;
			includeInIndex = 0;
			path = libPluginTemplate.a;
			sourceTree = "BUILT_PRODUCTS_DIR";
		};
		E741C9D5643BA99F16F00B43 = {
			isa = PBXFileReference;
			lastKnownFileType = file;
			name = "juce_events";
			path = "/usr/share/juce/modules/juce_events";
			sourceTree = "<absolute>";
		};
		F1AFCEE9715489C519B177E8 = {
			isa = PBXFileReference;
			lastKnownFileType = sourcecode.cpp.cpp;
			name = "ssr_juce.cpp";
			path = "../../Source/ssr_juce.cpp";
			sourceTree = "SOURCE_ROOT";
		};
		F2A51644AA5F887BFE5A5846 = {
			isa = PBXFileReference;
			lastKnownFileType = image.png;
			name = IEMPluginSuiteSmall.png;
			path = ../../IEMPluginSuite/resources/Standalone/IEMPluginSuiteSmall.png;
			sourceTree = "SOURCE_ROOT";
		};
		F3D0C87FD22F191D5ACB8F1E = {
			isa = PBXFileReference;
			lastKnownFileType = wrapper.framework;
			name = Cocoa.framework;
			path = System/Library/Frameworks/Cocoa.framework;
			sourceTree = SDKROOT;
		};
		F47E6E0109B406AC44E3C7FA = {
			isa = PBXFileReference;
			lastKnownFileType = sourcecode.cpp.objcpp;
			name = "include_juce_graphics.mm";
			path = "../../JuceLibraryCode/include_juce_graphics.mm";
			sourceTree = "SOURCE_ROOT";
		};
		F6546BAEFDB3F933237C90BA = {
			isa = PBXFileReference;
			lastKnownFileType = sourcecode.c.h;
			name = BinaryData.h;
			path = ../../JuceLibraryCode/BinaryData.h;
			sourceTree = "SOURCE_ROOT";
		};
		F8CE8C3AD87F3FF98D9193FA = {
			isa = PBXFileReference;
			lastKnownFileType = sourcecode.cpp.objcpp;
			name = "include_juce_gui_basics.mm";
			path = "../../JuceLibraryCode/include_juce_gui_basics.mm";
			sourceTree = "SOURCE_ROOT";
		};
		FC1A4F0EE42F01AC1976EEAE = {
			isa = PBXFileReference;
			lastKnownFileType = sourcecode.cpp.cpp;
			name = StandaloneApp.cpp;
			path = ../../IEMPluginSuite/resources/Standalone/StandaloneApp.cpp;
			sourceTree = "SOURCE_ROOT";
		};
		FC22EE98CB4C41C8BA3B40FC = {
			isa = PBXFileReference;
			lastKnownFileType = file;
			name = "juce_audio_basics";
			path = "/usr/share/juce/modules/juce_audio_basics";
			sourceTree = "<absolute>";
		};
		583354F98EAF1A77F5F11C72 = {
			isa = PBXGroup;
			children = (
				4B43E1EAACEA5CF41EB32316,
				3763F30133E00DDF965A4C46,
				2692BE74D1AAC8C7E26D5A9F,
				F2A51644AA5F887BFE5A5846,
				A7A291560F655F60311BCCA7,
				FC1A4F0EE42F01AC1976EEAE,
			);
			name = Standalone;
			sourceTree = "<group>";
		};
		0017EB33E2B357F90574D9DB = {
			isa = PBXGroup;
			children = (
				DCCBDBDADFF25BC613F7A42F,
				5D27FE110EA975337CB7DAAB,
				1364921D2D79F36E54E263FC,
				C37AE0049339EF5136A41AA6,
				C21FD57C497E07FF0BE89B20,
			);
			name = lookAndFeel;
			sourceTree = "<group>";
		};
		5BB81D13B5DAF17FC15D6CDA = {
			isa = PBXGroup;
			children = (
				75FFA31DB632AD8533A75999,
				7F61266035420ECB4FBA4365,
				C2C555D3EF5F5F626D7C9811,
				1907368CD925C64AE894B20C,
				3BF17AB4606E62125AC2C609,
				9E19C48C6DA872A0672E6EE1,
			);
			name = OSC;
			sourceTree = "<group>";
		};
		E8A1C8C92A510BF9A6E8E8E6 = {
			isa = PBXGroup;
			children = (
				F1AFCEE9715489C519B177E8,
				8DE47CE41AC12DA98D4DFE4A,
				3915A5304C8C3ABF78906DB5,
				C85F899E2C9F3F829F8037F3,
				E0D8FBCC5647086A66C79A88,
				657148CB59E8050045B8E47B,
			);
			name = Source;
			sourceTree = "<group>";
		};
		154C18CB8C91A73CD64AA50A = {
			isa = PBXGroup;
			children = (
				583354F98EAF1A77F5F11C72,
				0017EB33E2B357F90574D9DB,
				5BB81D13B5DAF17FC15D6CDA,
				E8A1C8C92A510BF9A6E8E8E6,
			);
			name = SoundScapeRenderer;
			sourceTree = "<group>";
		};
		489E092030890E40C99D952D = {
			isa = PBXGroup;
			children = (
				FC22EE98CB4C41C8BA3B40FC,
				A6FAC63BDC709E5B0450FEE3,
				8AEBEE496A10EAFAE83B244F,
				65D571F38B265AA1D0E61133,
				45203B7D4865E5C1D9F84902,
				AE02A548F4B6E5A907BD0AE6,
				D67FA1EB9DC9E83EC0B79707,
				532983DFABEE8B24A9B9478F,
				081224F9B4B8AC59095667C3,
				E741C9D5643BA99F16F00B43,
				AAD0CB375716072BAF6B3662,
				9125D43AAD5E9BDCF020FF9E,
				48549FC9D0FFC220B5D27CEC,
				658BFC2C2F4797CA42FF5A9C,
				A8A853E9CAA329450ABD7C75,
			);
			name = "JUCE Modules";
			sourceTree = "<group>";
		};
		8F23C10ED99B020B706FE625 = {
			isa = PBXGroup;
			children = (
				DE61989ED2492A88C5631C26,
				D45002F5BAB3EBA95F6B8304,
				F6546BAEFDB3F933237C90BA,
				B3CF9F71B64F0EA6C341FE38,
				2555F5922307B307BAF0239D,
				57E1D48B98E46C9ADC7A2355,
				5DB5291FB87951C436E332F3,
				906BBA11E2BFA2654AE95815,
				C9CAB67CDFC6F8671CDF81B6,
				6040FEDA424DF7AA432E9A1F,
				C1D7A81242166AAC3E139364,
				47F2BF8E3141B87F32606AE2,
				1CC6BD758A76F880A22C8A14,
				E0591E2945F4661C681A8C4F,
				A354DE4511764B9ABD1CC957,
				13DF41A41C6CA5E2FE9A02D5,
				F47E6E0109B406AC44E3C7FA,
				F8CE8C3AD87F3FF98D9193FA,
				3DD9D64CD9F2261B279AC82F,
				0F206DD6FB3C27934E5E8808,
				9E5D85E8F6890448E341A103,
				A6B50DF21A3A79A4E599BA38,
			);
			name = "JUCE Library Code";
			sourceTree = "<group>";
		};
		BFA84255C40ACCC7AEFDC047 = {
			isa = PBXGroup;
			children = (
				40A959723213556AA68E2414,
				D28852ECC7B4995F5CB78078,
				08D16D10C775A64449503E1B,
			);
			name = Resources;
			sourceTree = "<group>";
		};
		07921759338C438FB662FAA7 = {
			isa = PBXGroup;
			children = (
				42F85B5728BF46DCEBDC93A7,
				ABA74B40663A7450B8F2D9BD,
				5096FD0625C7399C14E47796,
				F3D0C87FD22F191D5ACB8F1E,
				38E40FC6E9E8F3AC0042E070,
				43D4E5EC87E3AC5D8D0207E7,
				BAF6963E574474195321BBFB,
				D8859A6E0441B04EACCC2AC6,
				0D92597977BB9603E0216F77,
				B15D0EF86A0AB82EC93AB085,
				BA26B16E99CB7E4D858CD390,
				89847DD651C720CA7CFFA5BD,
			);
			name = Frameworks;
			sourceTree = "<group>";
		};
		A74F3B8668897FA20E174D94 = {
			isa = PBXGroup;
			children = (
				46AA026C35DB24ABDD7E200C,
				C40684955C68EAF0A5B27843,
				E6B00F791048C2D59FFF7473,
			);
			name = Products;
			sourceTree = "<group>";
		};
		0ADC998C25216FC825E34094 = {
			isa = PBXGroup;
			children = (
				154C18CB8C91A73CD64AA50A,
				489E092030890E40C99D952D,
				8F23C10ED99B020B706FE625,
				BFA84255C40ACCC7AEFDC047,
				07921759338C438FB662FAA7,
				A74F3B8668897FA20E174D94,
			);
			name = Source;
			sourceTree = "<group>";
		};
		E0FBA808F60299BA3B634D71 = {
			isa = XCBuildConfiguration;
			buildSettings = {
				MACOSX_DEPLOYMENT_TARGET = 10.11;
			};
			name = Debug;
		};
		D3372CA038128701709D687E = {
			isa = XCBuildConfiguration;
			buildSettings = {
				MACOSX_DEPLOYMENT_TARGET = 10.9;
			};
			name = Release;
		};
		82DB9E4E5266824CC1DBB9DE = {
			isa = XCBuildConfiguration;
			buildSettings = {
				CLANG_CXX_LANGUAGE_STANDARD = "c++17";
				CLANG_CXX_LIBRARY = "libc++";
				CLANG_LINK_OBJC_RUNTIME = NO;
				CODE_SIGN_IDENTITY = "";
				COMBINE_HIDPI_IMAGES = YES;
				CONFIGURATION_BUILD_DIR = "$(PROJECT_DIR)/build/$(CONFIGURATION)";
				COPY_PHASE_STRIP = NO;
				DEPLOYMENT_LOCATION = YES;
				DSTROOT = /;
				GCC_DYNAMIC_NO_PIC = NO;
				GCC_OPTIMIZATION_LEVEL = 0;
				GCC_PREPROCESSOR_DEFINITIONS = (
					"_DEBUG=1",
					"DEBUG=1",
					"JUCE_USE_CUSTOM_PLUGIN_STANDALONE_APP=1",
					"JUCER_XCODE_MAC_F6D2F4CF=1",
					"JUCE_APP_VERSION=0.6.0",
					"JUCE_APP_VERSION_HEX=0x600",
					"JucePlugin_Build_VST=1",
					"JucePlugin_Build_VST3=0",
					"JucePlugin_Build_AU=0",
					"JucePlugin_Build_AUv3=0",
					"JucePlugin_Build_RTAS=0",
					"JucePlugin_Build_AAX=0",
					"JucePlugin_Build_Standalone=0",
					"JucePlugin_Build_Unity=0",
				);
				GCC_VERSION = com.apple.compilers.llvm.clang.1_0;
				GENERATE_PKGINFO_FILE = YES;
				HEADER_SEARCH_PATHS = (
					"$(HOME)/SDKs/VST_SDK/VST3_SDK",
					"../../JuceLibraryCode",
					"/usr/share/juce/modules",
					"/usr/local/include",
					"../../IEMPluginSuite/resources/",
					"../../ssr/gml/include/",
					"../../ssr/",
					"../../ssr/apf/",
					"/usr/share/juce/modules/juce_audio_plugin_client",
					"$(inherited)",
				);
				INFOPLIST_FILE = Info-VST.plist;
				INFOPLIST_PREPROCESS = NO;
				INSTALL_PATH = "$(HOME)/Library/Audio/Plug-Ins/VST/IEM/";
				LIBRARY_STYLE = Bundle;
				MACOSX_DEPLOYMENT_TARGET = 10.11;
				OTHER_LDFLAGS = "-bundle -lPluginTemplate";
				PRODUCT_BUNDLE_IDENTIFIER = at.iem.SoundScapeRenderer;
				PRODUCT_NAME = "PluginTemplate";
				USE_HEADERMAP = NO;
				WRAPPER_EXTENSION = vst;
			};
			name = Debug;
		};
		A57D52BA729F4CED3EC10C17 = {
			isa = XCBuildConfiguration;
			buildSettings = {
				CLANG_CXX_LANGUAGE_STANDARD = "c++17";
				CLANG_CXX_LIBRARY = "libc++";
				CLANG_LINK_OBJC_RUNTIME = NO;
				CODE_SIGN_IDENTITY = "";
				COMBINE_HIDPI_IMAGES = YES;
				CONFIGURATION_BUILD_DIR = "$(PROJECT_DIR)/build/$(CONFIGURATION)";
				DEAD_CODE_STRIPPING = YES;
				DEPLOYMENT_LOCATION = YES;
				DSTROOT = /;
				GCC_GENERATE_DEBUGGING_SYMBOLS = NO;
				GCC_OPTIMIZATION_LEVEL = 3;
				GCC_PREPROCESSOR_DEFINITIONS = (
					"_NDEBUG=1",
					"NDEBUG=1",
					"JUCE_USE_CUSTOM_PLUGIN_STANDALONE_APP=1",
					"JUCER_XCODE_MAC_F6D2F4CF=1",
					"JUCE_APP_VERSION=0.6.0",
					"JUCE_APP_VERSION_HEX=0x600",
					"JucePlugin_Build_VST=1",
					"JucePlugin_Build_VST3=0",
					"JucePlugin_Build_AU=0",
					"JucePlugin_Build_AUv3=0",
					"JucePlugin_Build_RTAS=0",
					"JucePlugin_Build_AAX=0",
					"JucePlugin_Build_Standalone=0",
					"JucePlugin_Build_Unity=0",
				);
				GCC_SYMBOLS_PRIVATE_EXTERN = YES;
				GCC_VERSION = com.apple.compilers.llvm.clang.1_0;
				GENERATE_PKGINFO_FILE = YES;
				HEADER_SEARCH_PATHS = (
					"$(HOME)/SDKs/VST_SDK/VST3_SDK",
					"../../JuceLibraryCode",
					"/usr/share/juce/modules",
					"/usr/local/include",
					"../../IEMPluginSuite/resources/",
					"../../ssr/gml/include/",
					"../../ssr/",
					"../../ssr/apf/",
					"/usr/share/juce/modules/juce_audio_plugin_client",
					"$(inherited)",
				);
				INFOPLIST_FILE = Info-VST.plist;
				INFOPLIST_PREPROCESS = NO;
				INSTALL_PATH = "$(HOME)/Library/Audio/Plug-Ins/VST/IEM/";
				LIBRARY_STYLE = Bundle;
				LLVM_LTO = YES;
				MACOSX_DEPLOYMENT_TARGET = 10.9;
				OTHER_LDFLAGS = "-bundle -lPluginTemplate";
				PRODUCT_BUNDLE_IDENTIFIER = at.iem.SoundScapeRenderer;
				PRODUCT_NAME = "PluginTemplate";
				USE_HEADERMAP = NO;
				WRAPPER_EXTENSION = vst;
			};
			name = Release;
		};
		B2DD0965201899C3C1E79198 = {
			isa = XCBuildConfiguration;
			buildSettings = {
				CLANG_CXX_LANGUAGE_STANDARD = "c++17";
				CLANG_CXX_LIBRARY = "libc++";
				CLANG_LINK_OBJC_RUNTIME = NO;
				CODE_SIGN_IDENTITY = "";
				COMBINE_HIDPI_IMAGES = YES;
				CONFIGURATION_BUILD_DIR = "$(PROJECT_DIR)/build/$(CONFIGURATION)";
				COPY_PHASE_STRIP = NO;
				GCC_DYNAMIC_NO_PIC = NO;
				GCC_OPTIMIZATION_LEVEL = 0;
				GCC_PREPROCESSOR_DEFINITIONS = (
					"_DEBUG=1",
					"DEBUG=1",
					"JUCE_USE_CUSTOM_PLUGIN_STANDALONE_APP=1",
					"JUCER_XCODE_MAC_F6D2F4CF=1",
					"JUCE_APP_VERSION=0.6.0",
					"JUCE_APP_VERSION_HEX=0x600",
					"JucePlugin_Build_VST=0",
					"JucePlugin_Build_VST3=0",
					"JucePlugin_Build_AU=0",
					"JucePlugin_Build_AUv3=0",
					"JucePlugin_Build_RTAS=0",
					"JucePlugin_Build_AAX=0",
					"JucePlugin_Build_Standalone=1",
					"JucePlugin_Build_Unity=0",
				);
				GCC_VERSION = com.apple.compilers.llvm.clang.1_0;
				HEADER_SEARCH_PATHS = (
					"$(HOME)/SDKs/VST_SDK/VST3_SDK",
					"../../JuceLibraryCode",
					"/usr/share/juce/modules",
					"/usr/local/include",
					"../../IEMPluginSuite/resources/",
					"../../ssr/gml/include/",
					"../../ssr/",
					"../../ssr/apf/",
					"/usr/share/juce/modules/juce_audio_plugin_client",
					"$(inherited)",
				);
				INFOPLIST_FILE = Info-Standalone_Plugin.plist;
				INFOPLIST_PREPROCESS = NO;
				MACOSX_DEPLOYMENT_TARGET = 10.11;
				OTHER_LDFLAGS = "-lPluginTemplate";
				PRODUCT_BUNDLE_IDENTIFIER = at.iem.SoundScapeRenderer;
				PRODUCT_NAME = "PluginTemplate";
				USE_HEADERMAP = NO;
			};
			name = Debug;
		};
		08422D105A614A6156C75DEA = {
			isa = XCBuildConfiguration;
			buildSettings = {
				CLANG_CXX_LANGUAGE_STANDARD = "c++17";
				CLANG_CXX_LIBRARY = "libc++";
				CLANG_LINK_OBJC_RUNTIME = NO;
				CODE_SIGN_IDENTITY = "";
				COMBINE_HIDPI_IMAGES = YES;
				CONFIGURATION_BUILD_DIR = "$(PROJECT_DIR)/build/$(CONFIGURATION)";
				DEAD_CODE_STRIPPING = YES;
				GCC_GENERATE_DEBUGGING_SYMBOLS = NO;
				GCC_OPTIMIZATION_LEVEL = 3;
				GCC_PREPROCESSOR_DEFINITIONS = (
					"_NDEBUG=1",
					"NDEBUG=1",
					"JUCE_USE_CUSTOM_PLUGIN_STANDALONE_APP=1",
					"JUCER_XCODE_MAC_F6D2F4CF=1",
					"JUCE_APP_VERSION=0.6.0",
					"JUCE_APP_VERSION_HEX=0x600",
					"JucePlugin_Build_VST=0",
					"JucePlugin_Build_VST3=0",
					"JucePlugin_Build_AU=0",
					"JucePlugin_Build_AUv3=0",
					"JucePlugin_Build_RTAS=0",
					"JucePlugin_Build_AAX=0",
					"JucePlugin_Build_Standalone=1",
					"JucePlugin_Build_Unity=0",
				);
				GCC_SYMBOLS_PRIVATE_EXTERN = YES;
				GCC_VERSION = com.apple.compilers.llvm.clang.1_0;
				HEADER_SEARCH_PATHS = (
					"$(HOME)/SDKs/VST_SDK/VST3_SDK",
					"../../JuceLibraryCode",
					"/usr/share/juce/modules",
					"/usr/local/include",
					"../../IEMPluginSuite/resources/",
					"../../ssr/gml/include/",
					"../../ssr/",
					"../../ssr/apf/",
					"/usr/share/juce/modules/juce_audio_plugin_client",
					"$(inherited)",
				);
				INFOPLIST_FILE = Info-Standalone_Plugin.plist;
				INFOPLIST_PREPROCESS = NO;
				LLVM_LTO = YES;
				MACOSX_DEPLOYMENT_TARGET = 10.9;
				OTHER_LDFLAGS = "-lPluginTemplate";
				PRODUCT_BUNDLE_IDENTIFIER = at.iem.SoundScapeRenderer;
				PRODUCT_NAME = "PluginTemplate";
				USE_HEADERMAP = NO;
			};
			name = Release;
		};
		4E1CACBBC33F313E0AE56C3D = {
			isa = XCBuildConfiguration;
			buildSettings = {
				CLANG_CXX_LANGUAGE_STANDARD = "c++17";
				CLANG_CXX_LIBRARY = "libc++";
				CLANG_LINK_OBJC_RUNTIME = NO;
				CODE_SIGN_IDENTITY = "";
				COMBINE_HIDPI_IMAGES = YES;
				CONFIGURATION_BUILD_DIR = "$(PROJECT_DIR)/build/$(CONFIGURATION)";
				COPY_PHASE_STRIP = NO;
				GCC_DYNAMIC_NO_PIC = NO;
				GCC_OPTIMIZATION_LEVEL = 0;
				GCC_PREPROCESSOR_DEFINITIONS = (
					"_DEBUG=1",
					"DEBUG=1",
					"JUCE_USE_CUSTOM_PLUGIN_STANDALONE_APP=1",
					"JUCER_XCODE_MAC_F6D2F4CF=1",
					"JUCE_APP_VERSION=0.6.0",
					"JUCE_APP_VERSION_HEX=0x600",
					"JucePlugin_Build_VST=1",
					"JucePlugin_Build_VST3=0",
					"JucePlugin_Build_AU=0",
					"JucePlugin_Build_AUv3=0",
					"JucePlugin_Build_RTAS=0",
					"JucePlugin_Build_AAX=0",
					"JucePlugin_Build_Standalone=1",
					"JucePlugin_Build_Unity=0",
					"JUCE_SHARED_CODE=1",
				);
				GCC_VERSION = com.apple.compilers.llvm.clang.1_0;
				HEADER_SEARCH_PATHS = (
					"$(HOME)/SDKs/VST_SDK/VST3_SDK",
					"../../JuceLibraryCode",
					"/usr/share/juce/modules",
					"/usr/local/include",
					"../../IEMPluginSuite/resources/",
					"../../ssr/gml/include/",
					"../../ssr/",
					"../../ssr/apf/",
					"/usr/share/juce/modules/juce_audio_plugin_client",
					"$(inherited)",
				);
				INSTALL_PATH = "@executable_path/../Frameworks";
				MACOSX_DEPLOYMENT_TARGET = 10.11;
				PRODUCT_BUNDLE_IDENTIFIER = at.iem.SoundScapeRenderer;
				PRODUCT_NAME = "PluginTemplate";
				SKIP_INSTALL = YES;
				USE_HEADERMAP = NO;
			};
			name = Debug;
		};
		BC03F1103968D64A4B84AA58 = {
			isa = XCBuildConfiguration;
			buildSettings = {
				CLANG_CXX_LANGUAGE_STANDARD = "c++17";
				CLANG_CXX_LIBRARY = "libc++";
				CLANG_LINK_OBJC_RUNTIME = NO;
				CODE_SIGN_IDENTITY = "";
				COMBINE_HIDPI_IMAGES = YES;
				CONFIGURATION_BUILD_DIR = "$(PROJECT_DIR)/build/$(CONFIGURATION)";
				DEAD_CODE_STRIPPING = YES;
				GCC_GENERATE_DEBUGGING_SYMBOLS = NO;
				GCC_OPTIMIZATION_LEVEL = 3;
				GCC_PREPROCESSOR_DEFINITIONS = (
					"_NDEBUG=1",
					"NDEBUG=1",
					"JUCE_USE_CUSTOM_PLUGIN_STANDALONE_APP=1",
					"JUCER_XCODE_MAC_F6D2F4CF=1",
					"JUCE_APP_VERSION=0.6.0",
					"JUCE_APP_VERSION_HEX=0x600",
					"JucePlugin_Build_VST=1",
					"JucePlugin_Build_VST3=0",
					"JucePlugin_Build_AU=0",
					"JucePlugin_Build_AUv3=0",
					"JucePlugin_Build_RTAS=0",
					"JucePlugin_Build_AAX=0",
					"JucePlugin_Build_Standalone=1",
					"JucePlugin_Build_Unity=0",
					"JUCE_SHARED_CODE=1",
				);
				GCC_SYMBOLS_PRIVATE_EXTERN = YES;
				GCC_VERSION = com.apple.compilers.llvm.clang.1_0;
				HEADER_SEARCH_PATHS = (
					"$(HOME)/SDKs/VST_SDK/VST3_SDK",
					"../../JuceLibraryCode",
					"/usr/share/juce/modules",
					"/usr/local/include",
					"../../IEMPluginSuite/resources/",
					"../../ssr/gml/include/",
					"../../ssr/",
					"../../ssr/apf/",
					"/usr/share/juce/modules/juce_audio_plugin_client",
					"$(inherited)",
				);
				INSTALL_PATH = "@executable_path/../Frameworks";
				LLVM_LTO = YES;
				MACOSX_DEPLOYMENT_TARGET = 10.9;
				PRODUCT_BUNDLE_IDENTIFIER = at.iem.SoundScapeRenderer;
				PRODUCT_NAME = "PluginTemplate";
				SKIP_INSTALL = YES;
				USE_HEADERMAP = NO;
			};
			name = Release;
		};
		98C6DA567E32A655FB1CA618 = {
			isa = XCBuildConfiguration;
			buildSettings = {
				ALWAYS_SEARCH_USER_PATHS = NO;
				CLANG_ENABLE_OBJC_WEAK = YES;
				CLANG_WARN_BLOCK_CAPTURE_AUTORELEASING = YES;
				CLANG_WARN_BOOL_CONVERSION = YES;
				CLANG_WARN_COMMA = YES;
				CLANG_WARN_CONSTANT_CONVERSION = YES;
				CLANG_WARN_DEPRECATED_OBJC_IMPLEMENTATIONS = YES;
				CLANG_WARN_EMPTY_BODY = YES;
				CLANG_WARN_ENUM_CONVERSION = YES;
				CLANG_WARN_INFINITE_RECURSION = YES;
				CLANG_WARN_INT_CONVERSION = YES;
				CLANG_WARN_NON_LITERAL_NULL_CONVERSION = YES;
				CLANG_WARN_OBJC_IMPLICIT_RETAIN_SELF = YES;
				CLANG_WARN_OBJC_LITERAL_CONVERSION = YES;
				CLANG_WARN_RANGE_LOOP_ANALYSIS = YES;
				CLANG_WARN_STRICT_PROTOTYPES = YES;
				CLANG_WARN_SUSPICIOUS_MOVE = YES;
				CLANG_WARN_UNREACHABLE_CODE = YES;
				CLANG_WARN__DUPLICATE_METHOD_MATCH = YES;
				CODE_SIGN_IDENTITY = "";
				DEBUG_INFORMATION_FORMAT = dwarf;
				ENABLE_STRICT_OBJC_MSGSEND = YES;
				ENABLE_TESTABILITY = YES;
				GCC_C_LANGUAGE_STANDARD = c11;
				GCC_INLINES_ARE_PRIVATE_EXTERN = YES;
				GCC_MODEL_TUNING = G5;
				GCC_NO_COMMON_BLOCKS = YES;
				GCC_WARN_64_TO_32_BIT_CONVERSION = YES;
				GCC_WARN_ABOUT_RETURN_TYPE = YES;
				GCC_WARN_CHECK_SWITCH_STATEMENTS = YES;
				GCC_WARN_MISSING_PARENTHESES = YES;
				GCC_WARN_NON_VIRTUAL_DESTRUCTOR = YES;
				GCC_WARN_TYPECHECK_CALLS_TO_PRINTF = YES;
				GCC_WARN_UNDECLARED_SELECTOR = YES;
				GCC_WARN_UNINITIALIZED_AUTOS = YES;
				GCC_WARN_UNUSED_FUNCTION = YES;
				GCC_WARN_UNUSED_VARIABLE = YES;
				ONLY_ACTIVE_ARCH = YES;
				PRODUCT_NAME = "PluginTemplate";
				WARNING_CFLAGS = "-Wreorder";
				ZERO_LINK = NO;
			};
			name = Debug;
		};
		229314083774CB2108685399 = {
			isa = XCBuildConfiguration;
			buildSettings = {
				ALWAYS_SEARCH_USER_PATHS = NO;
				CLANG_ENABLE_OBJC_WEAK = YES;
				CLANG_WARN_BLOCK_CAPTURE_AUTORELEASING = YES;
				CLANG_WARN_BOOL_CONVERSION = YES;
				CLANG_WARN_COMMA = YES;
				CLANG_WARN_CONSTANT_CONVERSION = YES;
				CLANG_WARN_DEPRECATED_OBJC_IMPLEMENTATIONS = YES;
				CLANG_WARN_EMPTY_BODY = YES;
				CLANG_WARN_ENUM_CONVERSION = YES;
				CLANG_WARN_INFINITE_RECURSION = YES;
				CLANG_WARN_INT_CONVERSION = YES;
				CLANG_WARN_NON_LITERAL_NULL_CONVERSION = YES;
				CLANG_WARN_OBJC_IMPLICIT_RETAIN_SELF = YES;
				CLANG_WARN_OBJC_LITERAL_CONVERSION = YES;
				CLANG_WARN_RANGE_LOOP_ANALYSIS = YES;
				CLANG_WARN_STRICT_PROTOTYPES = YES;
				CLANG_WARN_SUSPICIOUS_MOVE = YES;
				CLANG_WARN_UNREACHABLE_CODE = YES;
				CLANG_WARN__DUPLICATE_METHOD_MATCH = YES;
				CODE_SIGN_IDENTITY = "";
				DEBUG_INFORMATION_FORMAT = dwarf;
				ENABLE_STRICT_OBJC_MSGSEND = YES;
				GCC_C_LANGUAGE_STANDARD = c11;
				GCC_INLINES_ARE_PRIVATE_EXTERN = YES;
				GCC_MODEL_TUNING = G5;
				GCC_NO_COMMON_BLOCKS = YES;
				GCC_WARN_64_TO_32_BIT_CONVERSION = YES;
				GCC_WARN_ABOUT_RETURN_TYPE = YES;
				GCC_WARN_CHECK_SWITCH_STATEMENTS = YES;
				GCC_WARN_MISSING_PARENTHESES = YES;
				GCC_WARN_NON_VIRTUAL_DESTRUCTOR = YES;
				GCC_WARN_TYPECHECK_CALLS_TO_PRINTF = YES;
				GCC_WARN_UNDECLARED_SELECTOR = YES;
				GCC_WARN_UNINITIALIZED_AUTOS = YES;
				GCC_WARN_UNUSED_FUNCTION = YES;
				GCC_WARN_UNUSED_VARIABLE = YES;
				PRODUCT_NAME = "PluginTemplate";
				WARNING_CFLAGS = "-Wreorder";
				ZERO_LINK = NO;
			};
			name = Release;
		};
		A9BE66AF13CEC3AB8418207D = {
			isa = PBXTargetDependency;
			target = 53E5D977080C7F544C6DA957;
		};
		2018BEB4DB4E0199227E5A54 = {
			isa = PBXTargetDependency;
			target = 69BD9C66B3EA6D282D1E9398;
		};
		CB646DD31B0F0ED8EDA0AB81 = {
			isa = PBXTargetDependency;
			target = 0BF6CF518D2D262BF5F289C0;
		};
		5E575A660FB776EB62690306 = {
			isa = XCConfigurationList;
			buildConfigurations = (
				98C6DA567E32A655FB1CA618,
				229314083774CB2108685399,
			);
			defaultConfigurationIsVisible = 0;
			defaultConfigurationName = Debug;
		};
		BEE42F1CE2B77CE76DB61557 = {
			isa = XCConfigurationList;
			buildConfigurations = (
				E0FBA808F60299BA3B634D71,
				D3372CA038128701709D687E,
			);
			defaultConfigurationIsVisible = 0;
			defaultConfigurationName = Debug;
		};
		139EF39C57F77FCF04C72692 = {
			isa = PBXAggregateTarget;
			buildConfigurationList = BEE42F1CE2B77CE76DB61557;
			buildPhases = ( );
			buildRules = ( );
			dependencies = (
				A9BE66AF13CEC3AB8418207D,
				2018BEB4DB4E0199227E5A54,
				CB646DD31B0F0ED8EDA0AB81,
			);
			name = "SoundScapeRenderer - All";
			productName = SoundScapeRenderer;
		};
		6075FF6843AEC2676B1E7AF7 = {
			isa = XCConfigurationList;
			buildConfigurations = (
				82DB9E4E5266824CC1DBB9DE,
				A57D52BA729F4CED3EC10C17,
			);
			defaultConfigurationIsVisible = 0;
			defaultConfigurationName = Debug;
		};
		2784159703FDACD16E9E44BE = {
			isa = PBXResourcesBuildPhase;
			buildActionMask = 2147483647;
			files = (
				5A4919A3A35B5867574F881B,
			);
			runOnlyForDeploymentPostprocessing = 0;
		};
		1D810AA16F999F7AB385EAED = {
			isa = PBXSourcesBuildPhase;
			buildActionMask = 2147483647;
			files = (
				4D7967D4EE95F4D823CD22AE,
			);
			runOnlyForDeploymentPostprocessing = 0;
		};
		BF35A2F19E0BB2A90C2151EF = {
			isa = PBXFrameworksBuildPhase;
			buildActionMask = 2147483647;
			files = (
				04A72039DE60C3E9CA78C67F,
				6EB712FAFBA4B0C26F6F1DBF,
				10DC6186E80976826CA6AC8A,
				E941B61ABACE16192D2C5B02,
				3C2F1258C67D53FDDA02D986,
				3C8F64AFBBBBFD11938603FD,
				07342E0EA3DEA6063EE5A4D9,
				8FBEBFF82A6E0002F19E138C,
				3736D5AF85A744EEAC4AC4C7,
				3F48421F28BCF4F20E0BC4F6,
				00816A8FC139A32F28312CB1,
				8F196C744C2F313163F424F0,
			);
			runOnlyForDeploymentPostprocessing = 0;
		};
		53E5D977080C7F544C6DA957 = {
			isa = PBXNativeTarget;
			buildConfigurationList = 6075FF6843AEC2676B1E7AF7;
			buildPhases = (
				2784159703FDACD16E9E44BE,
				1D810AA16F999F7AB385EAED,
				BF35A2F19E0BB2A90C2151EF,
			);
			buildRules = ( );
			dependencies = (
				CB646DD31B0F0ED8EDA0AB81,
			);
			name = "SoundScapeRenderer - VST";
			productName = SoundScapeRenderer;
			productReference = 46AA026C35DB24ABDD7E200C;
			productType = "com.apple.product-type.bundle";
		};
		1AAECBA7C58D1AE5210B0759 = {
			isa = XCConfigurationList;
			buildConfigurations = (
				B2DD0965201899C3C1E79198,
				08422D105A614A6156C75DEA,
			);
			defaultConfigurationIsVisible = 0;
			defaultConfigurationName = Debug;
		};
		0C44CE35891E1186072BED18 = {
			isa = PBXResourcesBuildPhase;
			buildActionMask = 2147483647;
			files = (
				5A4919A3A35B5867574F881B,
			);
			runOnlyForDeploymentPostprocessing = 0;
		};
		2199158F9AB4ED88487B3E8F = {
			isa = PBXSourcesBuildPhase;
			buildActionMask = 2147483647;
			files = (
				1D1BF5A1DD237C0494BC7E4A,
			);
			runOnlyForDeploymentPostprocessing = 0;
		};
		73405ED02A607EB7EE3F0DEA = {
			isa = PBXFrameworksBuildPhase;
			buildActionMask = 2147483647;
			files = (
				04A72039DE60C3E9CA78C67F,
				6EB712FAFBA4B0C26F6F1DBF,
				10DC6186E80976826CA6AC8A,
				E941B61ABACE16192D2C5B02,
				3C2F1258C67D53FDDA02D986,
				3C8F64AFBBBBFD11938603FD,
				07342E0EA3DEA6063EE5A4D9,
				8FBEBFF82A6E0002F19E138C,
				3736D5AF85A744EEAC4AC4C7,
				3F48421F28BCF4F20E0BC4F6,
				00816A8FC139A32F28312CB1,
				8F196C744C2F313163F424F0,
			);
			runOnlyForDeploymentPostprocessing = 0;
		};
		69BD9C66B3EA6D282D1E9398 = {
			isa = PBXNativeTarget;
			buildConfigurationList = 1AAECBA7C58D1AE5210B0759;
			buildPhases = (
				0C44CE35891E1186072BED18,
				2199158F9AB4ED88487B3E8F,
				73405ED02A607EB7EE3F0DEA,
			);
			buildRules = ( );
			dependencies = (
				CB646DD31B0F0ED8EDA0AB81,
			);
			name = "SoundScapeRenderer - Standalone Plugin";
			productName = SoundScapeRenderer;
			productReference = C40684955C68EAF0A5B27843;
			productType = "com.apple.product-type.application";
		};
		0D1176AA521EF6D22DED6CA1 = {
			isa = XCConfigurationList;
			buildConfigurations = (
				4E1CACBBC33F313E0AE56C3D,
				BC03F1103968D64A4B84AA58,
			);
			defaultConfigurationIsVisible = 0;
			defaultConfigurationName = Debug;
		};
		AD1CAF46834F5477E32D8BFB = {
			isa = PBXSourcesBuildPhase;
			buildActionMask = 2147483647;
			files = (
				D6512B2F90CFB977811C4D93,
				F2A80913B042B520D0DBD1DE,
				A7B19CD86D1E1EC80CE0BB9D,
				67D2BEDA9B188D5CDF4FE4E1,
				DB24E2A220FABB5AB5E2E072,
				B8B1B07016C6B20FD8AB4F66,
				1142AB4395602AA19330E4D8,
				48F8AB2833623D48E357B1C7,
				5F7012D91646082C45EC9C81,
				024CEBF71ACC7C02A143C79E,
				DEF52B5EBDCBD9A14A26E2C7,
				F55E8D8C16CD346867C8A480,
				0211F3448C23264DA1B8BE7B,
				7EACDC0EBC1D84A05A9FA077,
				84845800EC9FE3556A79BF6C,
				F9F8672B4FF659EC9BD102FE,
				EB631C1D5EF18E2B17917A48,
				1BF8101C73DE37013EDA4D5D,
				929532BF4DFD44F9AA9FDC9F,
				AD2E5F646AF37A948318C06A,
				65A4BCC1688C869DB34D3E12,
				3998FC44847676C9666D04A4,
				9F26FE50986125E476FACD76,
				2DE1F26DA605D2E3EE037DF3,
			);
			runOnlyForDeploymentPostprocessing = 0;
		};
		0BF6CF518D2D262BF5F289C0 = {
			isa = PBXNativeTarget;
			buildConfigurationList = 0D1176AA521EF6D22DED6CA1;
			buildPhases = (
				AD1CAF46834F5477E32D8BFB,
			);
			buildRules = ( );
			dependencies = ( );
			name = "SoundScapeRenderer - Shared Code";
			productName = SoundScapeRenderer;
			productReference = E6B00F791048C2D59FFF7473;
			productType = "com.apple.product-type.library.static";
		};
		55921CE99EB8B115226FDBA8 = {
			isa = PBXProject;
			buildConfigurationList = 5E575A660FB776EB62690306;
			attributes = { LastUpgradeCheck = 1100; ORGANIZATIONNAME = "IEM"; TargetAttributes = { 139EF39C57F77FCF04C72692 = { SystemCapabilities = {com.apple.ApplicationGroups.iOS = { enabled = 0; }; com.apple.InAppPurchase = { enabled = 0; }; com.apple.InterAppAudio = { enabled = 0; }; com.apple.Push = { enabled = 0; }; com.apple.Sandbox = { enabled = 0; }; com.apple.HardenedRuntime = { enabled = 0; }; }; };53E5D977080C7F544C6DA957 = { SystemCapabilities = {com.apple.ApplicationGroups.iOS = { enabled = 0; }; com.apple.InAppPurchase = { enabled = 0; }; com.apple.InterAppAudio = { enabled = 0; }; com.apple.Push = { enabled = 0; }; com.apple.Sandbox = { enabled = 0; }; com.apple.HardenedRuntime = { enabled = 0; }; }; };69BD9C66B3EA6D282D1E9398 = { SystemCapabilities = {com.apple.ApplicationGroups.iOS = { enabled = 0; }; com.apple.InAppPurchase = { enabled = 0; }; com.apple.InterAppAudio = { enabled = 0; }; com.apple.Push = { enabled = 0; }; com.apple.Sandbox = { enabled = 0; }; com.apple.HardenedRuntime = { enabled = 0; }; }; };0BF6CF518D2D262BF5F289C0 = { SystemCapabilities = {com.apple.ApplicationGroups.iOS = { enabled = 0; }; com.apple.InAppPurchase = { enabled = 0; }; com.apple.InterAppAudio = { enabled = 0; }; com.apple.Push = { enabled = 0; }; com.apple.Sandbox = { enabled = 0; }; com.apple.HardenedRuntime = { enabled = 0; }; }; }; }; };
			compatibilityVersion = "Xcode 3.2";
			hasScannedForEncodings = 0;
			mainGroup = 0ADC998C25216FC825E34094;
			projectDirPath = "";
			projectRoot = "";
			targets = (139EF39C57F77FCF04C72692, 53E5D977080C7F544C6DA957, 69BD9C66B3EA6D282D1E9398, 0BF6CF518D2D262BF5F289C0);
			knownRegions = (en, Base);
		};
	};
	rootObject = 55921CE99EB8B115226FDBA8;
}
